# SPDX-License-Identifier: Apache-2.0
schemaVersion: 2
status: candidate-only
purpose: "Immutable source and ABI identity for the Rust Core Apple artifact"

core:
  repository: https://github.com/Jannerzhang/folo-xray-apple
  commit: ecae528a5e7395f5a048ba39a6ab6fd77d24acad
  rustTree: e0a08255d36444177a7130ab2c9983dfb9f596e3
  sourcePath: xray-rust-eval
  cargoLockSha256: 270d481f84d5e6f8072f6c65988dc2a5f2ef5f9fe7c1055f48c16fe88475ab8a
  rustToolchain: 1.96.0
  license:
    spdx: MPL-2.0
    file: xray-rust-eval/LICENSE
  ffi:
    abiMajor: 2
    abiMinor: 0
    headerSha256: 256c680b1fa81ac5ab261bba01fd0f68453d10e6a24d96e47f4b19f7f6442be1
    moduleMapSha256: 28552741cc3df9540cef79770cc103c516dbc565dc87387be01a86ef38066f11

upstreamRust:
  repository: https://github.com/aimalygin/xray-rust.git
  tag: v0.5.0
  commit: 549807d621fadc618e6d0bab75f9e58ef35a7fc1
  tree: 444c2404cec84f5ff9869af78e403c504b39c161
  marker: xray-rust-eval/SOURCE_REVISION

artifact:
  name: XrayRust.xcframework.zip
  releaseReady: false
  appIntegrationAllowed: false
  deviceSlice: ios-arm64
  simulatorSlice: ios-arm64_x86_64-simulator

testOnly:
  goOracle:
    path: xray-rust-eval/tools/reality-oracle
    allowedIn: fixture-verification-only
    allowedInAppleArtifact: false
