# SPDX-License-Identifier: Apache-2.0
schemaVersion: 1
status: candidate-only
reviewDate: 2026-09-04
purpose: "Immutable source and SDK identity for the xray-rust replacement evaluation"

core:
  repository: https://github.com/aimalygin/xray-rust.git
  tag: v0.5.0
  tagObject: 7599d32d5d26b43651e69bad642aa7f10318d77c
  commit: 549807d621fadc618e6d0bab75f9e58ef35a7fc1
  tree: 444c2404cec84f5ff9869af78e403c504b39c161
  archiveSha256: 8c3764cee716d27933c4cc8a6f8dec6788c5fb818ee0ffcd83712b90e615c632
  importedPath: xray-rust-eval
  cargoLockSha256: 5f395cd6c7239234b34ef1a4f50e59b77e3c0edb0ea6c6ac060240888969759c
  rustToolchain: 1.96.0
  license:
    spdx: MPL-2.0
    file: xray-rust-eval/LICENSE
  ffi:
    abiMajor: 1
    headerSha256: 0f4753aff311d0d3ec99d00e800814c0adf86860be1fe1f7757b4e217660beb9

mobile:
  repository: https://github.com/aimalygin/xray-rust-mobile.git
  tag: v0.5.0
  tagObject: cd2af85cb633bd4a0bc31c32e7b8294cf95706e8
  commit: 377bc2523a97b4faf3b039b65dce2a94381c2e6e
  tree: 6bb1a2dd97fe0c2df136803a28952561c960da8e
  archiveSha256: f81ac63e242cc5feff23b1165e432bb4fee977f79b9c06f361040fa7d0e57076
  importedPath: xray-rust-mobile-eval
  releaseVersion: 0.5.0
  appleArtifact:
    name: XrayRust.xcframework.zip
    sha256: 4d2d72fbbb44ebcde2d1fa129ff87e2b055933597656b35cb096bcdeef7ed84c
    releaseWorkflowRun: 33788809725
  coreMapping: 549807d621fadc618e6d0bab75f9e58ef35a7fc1
  toolchains:
    xcode: 16.4
    iosDeploymentTarget: 15.0
    tvosDeploymentTarget: 17.0
    macosDeploymentTarget: 11.0

crossRepository:
  iosCommit: d1af8098ba9a4c49be2260d21815928314df627c
  coreCommit: "this commit"
  note: "The iOS commit records the same mapping as this core lock; SHA is updated after both commits."

reviewFindings:
  - "The v0.5.0 mobile tag is annotated; peeled commit is recorded separately."
  - "The SDK maps to core commit 549807d...; a floating branch is not accepted."
  - "Published Apple checksum identifies an external release asset; the asset is not copied into this repository."
  - "macOS benchmark values are not iOS footprint evidence."
