# SPDX-License-Identifier: Apache-2.0
schemaVersion: 1
status: candidate-only
reviewDate: 2026-09-07
purpose: "Immutable source and SDK identity for the xray-rust replacement evaluation"

core:
  repository: https://github.com/aimalygin/xray-rust.git
  tag: v0.5.0
  tagObject: 7599d32d5d26b43651e69bad642aa7f10318d77c
  commit: 549807d621fadc618e6d0bab75f9e58ef35a7fc1
  tree: 444c2404cec84f5ff9869af78e403c504b39c161
  archiveSha256: 8c3764cee716d27933c4cc8a6f8dec6788c5fb818ee0ffcd83712b90e615c632
  importedPath: xray-rust-eval
  cargoLockSha256: 270d481f84d5e6f8072f6c65988dc2a5f2ef5f9fe7c1055f48c16fe88475ab8a
  rustToolchain: 1.96.0
  license:
    spdx: MPL-2.0
    file: xray-rust-eval/LICENSE
  ffi:
    abiMajor: 2
    abiMinor: 0
    headerSha256: 372a5539756df970583b58c3a077363e23dc55b7445b21ecef52ce79b814f952

mobile:
  repository: https://github.com/aimalygin/xray-rust-mobile.git
  tag: v0.5.0
  tagObject: cd2af85cb633bd4a0bc31c32e7b8294cf95706e8
  commit: 377bc2523a97b4faf3b039b65dce2a94381c2e6e
  tree: 6bb1a2dd97fe0c2df136803a28952561c960da8e
  archiveSha256: f81ac63e242cc5feff23b1165e432bb4fee977f79b9c06f361040fa7d0e57076
  importedPath: xray-rust-mobile-eval
  releaseVersion: 0.5.0
  appleArtifact:
    name: XrayRust.xcframework.zip
    sha256: 4d2d72fbbb44ebcde2d1fa129ff87e2b055933597656b35cb096bcdeef7ed84c
    releaseWorkflowRun: 33788809725
  coreMapping: 549807d621fadc618e6d0bab75f9e58ef35a7fc1
  toolchains:
    xcode: 16.4
    iosDeploymentTarget: 15.0
    tvosDeploymentTarget: 17.0
    macosDeploymentTarget: 11.0

crossRepository:
  iosCommit: c00265346057a8110f08be2ade9ceba4dbe0a4ab
  coreCommit: bd7ff311616b8c5391760c5b1c6f0c235d807b60
  note: "The lock records the latest-base App/Core evaluation pair; upstream source identity remains separately pinned above."

reviewFindings:
  - "The v0.5.0 mobile tag is annotated; peeled commit is recorded separately."
  - "The SDK maps to core commit 549807d...; a floating branch is not accepted."
  - "Published Apple checksum identifies an external release asset; the asset is not copied into this repository."
  - "macOS benchmark values are not iOS footprint evidence."
